{
    "_meta": {
        "hash": {
            "sha256": "5283ec9dd41a3f6c8c732d797884e9bf733f630b41bbcaeabce15eb72d78cda4"
        },
        "pipfile-spec": 6,
        "requires": {
            "python_version": "3.12"
        },
        "sources": [
            {
                "name": "pypi",
                "url": "https://pypi.org/simple",
                "verify_ssl": true
            }
        ]
    },
    "default": {
        "blinker": {
            "hashes": [
                "sha256:b4ce2265a7abece45e7cc896e98dbebe6cead56bcf805a3d23136d145f5445bf",
                "sha256:ba0efaa9080b619ff2f3459d1d500c57bddea4a6b424b60a91141db6fd2f08bc"
            ],
            "markers": "python_version >= '3.9'",
            "version": "==1.9.0"
        },
        "click": {
            "hashes": [
                "sha256:9b9f285302c6e3064f4330c05f05b81945b2a39544279343e6e7c5f27a9baddc",
                "sha256:e7b8232224eba16f4ebe410c25ced9f7875cb5f3263ffc93cc3e8da705e229c4"
            ],
            "markers": "python_version >= '3.10'",
            "version": "==8.3.0"
        },
        "flask": {
            "hashes": [
                "sha256:34e815dfaa43340d1d15a5c3a02b8476004037eb4840b34910c6e21679d288f3",
                "sha256:ceb27b0af3823ea2737928a4d99d125a06175b8512c445cbd9a9ce200ef76842"
            ],
            "index": "pypi",
            "markers": "python_version >= '3.8'",
            "version": "==3.0.3"
        },
        "flask-cors": {
            "hashes": [
                "sha256:eeb69b342142fdbf4766ad99357a7f3876a2ceb77689dc10ff912aac06c389e4",
                "sha256:f2a704e4458665580c074b714c4627dd5a306b333deb9074d0b1794dfa2fb677"
            ],
            "index": "pypi",
            "version": "==4.0.1"
        },
        "flask-jwt-extended": {
            "hashes": [
                "sha256:52f35bf0985354d7fb7b876e2eb0e0b141aaff865a22ff6cc33d9a18aa987978",
                "sha256:8085d6757505b6f3291a2638c84d207e8f0ad0de662d1f46aa2f77e658a0c976"
            ],
            "index": "pypi",
            "markers": "python_version >= '3.9' and python_version < '4'",
            "version": "==4.7.1"
        },
        "greenlet": {
            "hashes": [
                "sha256:00fadb3fedccc447f517ee0d3fd8fe49eae949e1cd0f6a611818f4f6fb7dc83b",
                "sha256:061dc4cf2c34852b052a8620d40f36324554bc192be474b9e9770e8c042fd735",
                "sha256:0db5594dce18db94f7d1650d7489909b57afde4c580806b8d9203b6e79cdc079",
                "sha256:0dca0d95ff849f9a364385f36ab49f50065d76964944638be9691e1832e9f86d",
                "sha256:16458c245a38991aa19676900d48bd1a6f2ce3e16595051a4db9d012154e8433",
                "sha256:18d9260df2b5fbf41ae5139e1be4e796d99655f023a636cd0e11e6406cca7d58",
                "sha256:1987de92fec508535687fb807a5cea1560f6196285a4cde35c100b8cd632cc52",
                "sha256:1a921e542453fe531144e91e1feedf12e07351b1cf6c9e8a3325ea600a715a31",
                "sha256:1ee8fae0519a337f2329cb78bd7a8e128ec0f881073d43f023c7b8d4831d5246",
                "sha256:20fb936b4652b6e307b8f347665e2c615540d4b42b3b4c8a321d8286da7e520f",
                "sha256:23768528f2911bcd7e475210822ffb5254ed10d71f4028387e5a99b4c6699671",
                "sha256:2523e5246274f54fdadbce8494458a2ebdcdbc7b802318466ac5606d3cded1f8",
                "sha256:27890167f55d2387576d1f41d9487ef171849ea0359ce1510ca6e06c8bece11d",
                "sha256:299fd615cd8fc86267b47597123e3f43ad79c9d8a22bebdce535e53550763e2f",
                "sha256:3b3812d8d0c9579967815af437d96623f45c0f2ae5f04e366de62a12d83a8fb0",
                "sha256:3b67ca49f54cede0186854a008109d6ee71f66bd57bb36abd6d0a0267b540cdd",
                "sha256:44358b9bf66c8576a9f57a590d5f5d6e72fa4228b763d0e43fee6d3b06d3a337",
                "sha256:49a30d5fda2507ae77be16479bdb62a660fa51b1eb4928b524975b3bde77b3c0",
                "sha256:4d1378601b85e2e5171b99be8d2dc85f594c79967599328f95c1dc1a40f1c633",
                "sha256:554b03b6e73aaabec3745364d6239e9e012d64c68ccd0b8430c64ccc14939a8b",
                "sha256:55e9c5affaa6775e2c6b67659f3a71684de4c549b3dd9afca3bc773533d284fa",
                "sha256:58b97143c9cc7b86fc458f215bd0932f1757ce649e05b640fea2e79b54cedb31",
                "sha256:5c9320971821a7cb77cfab8d956fa8e39cd07ca44b6070db358ceb7f8797c8c9",
                "sha256:65458b409c1ed459ea899e939f0e1cdb14f58dbc803f2f93c5eab5694d32671b",
                "sha256:671df96c1f23c4a0d4077a325483c1503c96a1b7d9db26592ae770daa41233d4",
                "sha256:710638eb93b1fa52823aa91bf75326f9ecdfd5e0466f00789246a5280f4ba0fc",
                "sha256:73f49b5368b5359d04e18d15828eecc1806033db5233397748f4ca813ff1056c",
                "sha256:81701fd84f26330f0d5f4944d4e92e61afe6319dcd9775e39396e39d7c3e5f98",
                "sha256:8854167e06950ca75b898b104b63cc646573aa5fef1353d4508ecdd1ee76254f",
                "sha256:8c68325b0d0acf8d91dde4e6f930967dd52a5302cd4062932a6b2e7c2969f47c",
                "sha256:94385f101946790ae13da500603491f04a76b6e4c059dab271b3ce2e283b2590",
                "sha256:94abf90142c2a18151632371140b3dba4dee031633fe614cb592dbb6c9e17bc3",
                "sha256:96378df1de302bc38e99c3a9aa311967b7dc80ced1dcc6f171e99842987882a2",
                "sha256:9c40adce87eaa9ddb593ccb0fa6a07caf34015a29bf8d344811665b573138db9",
                "sha256:9fe0a28a7b952a21e2c062cd5756d34354117796c6d9215a87f55e38d15402c5",
                "sha256:a7d4e128405eea3814a12cc2605e0e6aedb4035bf32697f72deca74de4105e02",
                "sha256:abbf57b5a870d30c4675928c37278493044d7c14378350b3aa5d484fa65575f0",
                "sha256:b4a1870c51720687af7fa3e7cda6d08d801dae660f75a76f3845b642b4da6ee1",
                "sha256:b6a7c19cf0d2742d0809a4c05975db036fdff50cd294a93632d6a310bf9ac02c",
                "sha256:b90654e092f928f110e0007f572007c9727b5265f7632c2fa7415b4689351594",
                "sha256:c17b6b34111ea72fc5a4e4beec9711d2226285f0386ea83477cbb97c30a3f3a5",
                "sha256:c2ca18a03a8cfb5b25bc1cbe20f3d9a4c80d8c3b13ba3df49ac3961af0b1018d",
                "sha256:c5111ccdc9c88f423426df3fd1811bfc40ed66264d35aa373420a34377efc98a",
                "sha256:c60a6d84229b271d44b70fb6e5fa23781abb5d742af7b808ae3f6efd7c9c60f6",
                "sha256:c8c9e331e58180d0d83c5b7999255721b725913ff6bc6cf39fa2a45841a4fd4b",
                "sha256:c9913f1a30e4526f432991f89ae263459b1c64d1608c0d22a5c79c287b3c70df",
                "sha256:cd3c8e693bff0fff6ba55f140bf390fa92c994083f838fece0f63be121334945",
                "sha256:d25c5091190f2dc0eaa3f950252122edbbadbb682aa7b1ef2f8af0f8c0afefae",
                "sha256:d2e685ade4dafd447ede19c31277a224a239a0a1a4eca4e6390efedf20260cfb",
                "sha256:d76383238584e9711e20ebe14db6c88ddcedc1829a9ad31a584389463b5aa504",
                "sha256:ddf9164e7a5b08e9d22511526865780a576f19ddd00d62f8a665949327fde8bb",
                "sha256:e37ab26028f12dbb0ff65f29a8d3d44a765c61e729647bf2ddfbbed621726f01",
                "sha256:f10fd42b5ee276335863712fa3da6608e93f70629c631bf77145021600abc23c",
                "sha256:f28588772bb5fb869a8eb331374ec06f24a83a9c25bfa1f38b6993afe9c1e968"
            ],
            "markers": "python_version >= '3.9'",
            "version": "==3.2.4"
        },
        "itsdangerous": {
            "hashes": [
                "sha256:c6242fc49e35958c8b15141343aa660db5fc54d4f13a1db01a3f5891b98700ef",
                "sha256:e0050c0b7da1eea53ffaf149c0cfbb5c6e2e2b69c4bef22c81fa6eb73e5f6173"
            ],
            "markers": "python_version >= '3.8'",
            "version": "==2.2.0"
        },
        "jinja2": {
            "hashes": [
                "sha256:0137fb05990d35f1275a587e9aee6d56da821fc83491a0fb838183be43f66d6d",
                "sha256:85ece4451f492d0c13c5dd7c13a64681a86afae63a5f347908daf103ce6d2f67"
            ],
            "markers": "python_version >= '3.7'",
            "version": "==3.1.6"
        },
        "markupsafe": {
            "hashes": [
                "sha256:0303439a41979d9e74d18ff5e2dd8c43ed6c6001fd40e5bf2e43f7bd9bbc523f",
                "sha256:068f375c472b3e7acbe2d5318dea141359e6900156b5b2ba06a30b169086b91a",
                "sha256:0bf2a864d67e76e5c9a34dc26ec616a66b9888e25e7b9460e1c76d3293bd9dbf",
                "sha256:0db14f5dafddbb6d9208827849fad01f1a2609380add406671a26386cdf15a19",
                "sha256:0eb9ff8191e8498cca014656ae6b8d61f39da5f95b488805da4bb029cccbfbaf",
                "sha256:0f4b68347f8c5eab4a13419215bdfd7f8c9b19f2b25520968adfad23eb0ce60c",
                "sha256:1085e7fbddd3be5f89cc898938f42c0b3c711fdcb37d75221de2666af647c175",
                "sha256:116bb52f642a37c115f517494ea5feb03889e04df47eeff5b130b1808ce7c219",
                "sha256:12c63dfb4a98206f045aa9563db46507995f7ef6d83b2f68eda65c307c6829eb",
                "sha256:133a43e73a802c5562be9bbcd03d090aa5a1fe899db609c29e8c8d815c5f6de6",
                "sha256:1353ef0c1b138e1907ae78e2f6c63ff67501122006b0f9abad68fda5f4ffc6ab",
                "sha256:15d939a21d546304880945ca1ecb8a039db6b4dc49b2c5a400387cdae6a62e26",
                "sha256:177b5253b2834fe3678cb4a5f0059808258584c559193998be2601324fdeafb1",
                "sha256:1872df69a4de6aead3491198eaf13810b565bdbeec3ae2dc8780f14458ec73ce",
                "sha256:1b4b79e8ebf6b55351f0d91fe80f893b4743f104bff22e90697db1590e47a218",
                "sha256:1b52b4fb9df4eb9ae465f8d0c228a00624de2334f216f178a995ccdcf82c4634",
                "sha256:1ba88449deb3de88bd40044603fafffb7bc2b055d626a330323a9ed736661695",
                "sha256:1cc7ea17a6824959616c525620e387f6dd30fec8cb44f649e31712db02123dad",
                "sha256:218551f6df4868a8d527e3062d0fb968682fe92054e89978594c28e642c43a73",
                "sha256:26a5784ded40c9e318cfc2bdb30fe164bdb8665ded9cd64d500a34fb42067b1c",
                "sha256:2713baf880df847f2bece4230d4d094280f4e67b1e813eec43b4c0e144a34ffe",
                "sha256:2a15a08b17dd94c53a1da0438822d70ebcd13f8c3a95abe3a9ef9f11a94830aa",
                "sha256:2f981d352f04553a7171b8e44369f2af4055f888dfb147d55e42d29e29e74559",
                "sha256:32001d6a8fc98c8cb5c947787c5d08b0a50663d139f1305bac5885d98d9b40fa",
                "sha256:3524b778fe5cfb3452a09d31e7b5adefeea8c5be1d43c4f810ba09f2ceb29d37",
                "sha256:3537e01efc9d4dccdf77221fb1cb3b8e1a38d5428920e0657ce299b20324d758",
                "sha256:35add3b638a5d900e807944a078b51922212fb3dedb01633a8defc4b01a3c85f",
                "sha256:38664109c14ffc9e7437e86b4dceb442b0096dfe3541d7864d9cbe1da4cf36c8",
                "sha256:3a7e8ae81ae39e62a41ec302f972ba6ae23a5c5396c8e60113e9066ef893da0d",
                "sha256:3b562dd9e9ea93f13d53989d23a7e775fdfd1066c33494ff43f5418bc8c58a5c",
                "sha256:457a69a9577064c05a97c41f4e65148652db078a3a509039e64d3467b9e7ef97",
                "sha256:4bd4cd07944443f5a265608cc6aab442e4f74dff8088b0dfc8238647b8f6ae9a",
                "sha256:4e885a3d1efa2eadc93c894a21770e4bc67899e3543680313b09f139e149ab19",
                "sha256:4faffd047e07c38848ce017e8725090413cd80cbc23d86e55c587bf979e579c9",
                "sha256:509fa21c6deb7a7a273d629cf5ec029bc209d1a51178615ddf718f5918992ab9",
                "sha256:5678211cb9333a6468fb8d8be0305520aa073f50d17f089b5b4b477ea6e67fdc",
                "sha256:591ae9f2a647529ca990bc681daebdd52c8791ff06c2bfa05b65163e28102ef2",
                "sha256:5a7d5dc5140555cf21a6fefbdbf8723f06fcd2f63ef108f2854de715e4422cb4",
                "sha256:69c0b73548bc525c8cb9a251cddf1931d1db4d2258e9599c28c07ef3580ef354",
                "sha256:6b5420a1d9450023228968e7e6a9ce57f65d148ab56d2313fcd589eee96a7a50",
                "sha256:722695808f4b6457b320fdc131280796bdceb04ab50fe1795cd540799ebe1698",
                "sha256:729586769a26dbceff69f7a7dbbf59ab6572b99d94576a5592625d5b411576b9",
                "sha256:77f0643abe7495da77fb436f50f8dab76dbc6e5fd25d39589a0f1fe6548bfa2b",
                "sha256:795e7751525cae078558e679d646ae45574b47ed6e7771863fcc079a6171a0fc",
                "sha256:7be7b61bb172e1ed687f1754f8e7484f1c8019780f6f6b0786e76bb01c2ae115",
                "sha256:7c3fb7d25180895632e5d3148dbdc29ea38ccb7fd210aa27acbd1201a1902c6e",
                "sha256:7e68f88e5b8799aa49c85cd116c932a1ac15caaa3f5db09087854d218359e485",
                "sha256:83891d0e9fb81a825d9a6d61e3f07550ca70a076484292a70fde82c4b807286f",
                "sha256:8485f406a96febb5140bfeca44a73e3ce5116b2501ac54fe953e488fb1d03b12",
                "sha256:8709b08f4a89aa7586de0aadc8da56180242ee0ada3999749b183aa23df95025",
                "sha256:8f71bc33915be5186016f675cd83a1e08523649b0e33efdb898db577ef5bb009",
                "sha256:915c04ba3851909ce68ccc2b8e2cd691618c4dc4c4232fb7982bca3f41fd8c3d",
                "sha256:949b8d66bc381ee8b007cd945914c721d9aba8e27f71959d750a46f7c282b20b",
                "sha256:94c6f0bb423f739146aec64595853541634bde58b2135f27f61c1ffd1cd4d16a",
                "sha256:9a1abfdc021a164803f4d485104931fb8f8c1efd55bc6b748d2f5774e78b62c5",
                "sha256:9b79b7a16f7fedff2495d684f2b59b0457c3b493778c9eed31111be64d58279f",
                "sha256:a320721ab5a1aba0a233739394eb907f8c8da5c98c9181d1161e77a0c8e36f2d",
                "sha256:a4afe79fb3de0b7097d81da19090f4df4f8d3a2b3adaa8764138aac2e44f3af1",
                "sha256:ad2cf8aa28b8c020ab2fc8287b0f823d0a7d8630784c31e9ee5edea20f406287",
                "sha256:b8512a91625c9b3da6f127803b166b629725e68af71f8184ae7e7d54686a56d6",
                "sha256:bc51efed119bc9cfdf792cdeaa4d67e8f6fcccab66ed4bfdd6bde3e59bfcbb2f",
                "sha256:bdc919ead48f234740ad807933cdf545180bfbe9342c2bb451556db2ed958581",
                "sha256:bdd37121970bfd8be76c5fb069c7751683bdf373db1ed6c010162b2a130248ed",
                "sha256:be8813b57049a7dc738189df53d69395eba14fb99345e0a5994914a3864c8a4b",
                "sha256:c0c0b3ade1c0b13b936d7970b1d37a57acde9199dc2aecc4c336773e1d86049c",
                "sha256:c47a551199eb8eb2121d4f0f15ae0f923d31350ab9280078d1e5f12b249e0026",
                "sha256:c4ffb7ebf07cfe8931028e3e4c85f0357459a3f9f9490886198848f4fa002ec8",
                "sha256:ccfcd093f13f0f0b7fdd0f198b90053bf7b2f02a3927a30e63f3ccc9df56b676",
                "sha256:d2ee202e79d8ed691ceebae8e0486bd9a2cd4794cec4824e1c99b6f5009502f6",
                "sha256:d53197da72cc091b024dd97249dfc7794d6a56530370992a5e1a08983ad9230e",
                "sha256:d6dd0be5b5b189d31db7cda48b91d7e0a9795f31430b7f271219ab30f1d3ac9d",
                "sha256:d88b440e37a16e651bda4c7c2b930eb586fd15ca7406cb39e211fcff3bf3017d",
                "sha256:de8a88e63464af587c950061a5e6a67d3632e36df62b986892331d4620a35c01",
                "sha256:df2449253ef108a379b8b5d6b43f4b1a8e81a061d6537becd5582fba5f9196d7",
                "sha256:e1c1493fb6e50ab01d20a22826e57520f1284df32f2d8601fdd90b6304601419",
                "sha256:e1cf1972137e83c5d4c136c43ced9ac51d0e124706ee1c8aa8532c1287fa8795",
                "sha256:e2103a929dfa2fcaf9bb4e7c091983a49c9ac3b19c9061b6d5427dd7d14d81a1",
                "sha256:e56b7d45a839a697b5eb268c82a71bd8c7f6c94d6fd50c3d577fa39a9f1409f5",
                "sha256:e8afc3f2ccfa24215f8cb28dcf43f0113ac3c37c2f0f0806d8c70e4228c5cf4d",
                "sha256:e8fc20152abba6b83724d7ff268c249fa196d8259ff481f3b1476383f8f24e42",
                "sha256:eaa9599de571d72e2daf60164784109f19978b327a3910d3e9de8c97b5b70cfe",
                "sha256:ec15a59cf5af7be74194f7ab02d0f59a62bdcf1a537677ce67a2537c9b87fcda",
                "sha256:f190daf01f13c72eac4efd5c430a8de82489d9cff23c364c3ea822545032993e",
                "sha256:f34c41761022dd093b4b6896d4810782ffbabe30f2d443ff5f083e0cbbb8c737",
                "sha256:f3e98bb3798ead92273dc0e5fd0f31ade220f59a266ffd8a4f6065e0a3ce0523",
                "sha256:f42d0984e947b8adf7dd6dde396e720934d12c506ce84eea8476409563607591",
                "sha256:f71a396b3bf33ecaa1626c255855702aca4d3d9fea5e051b41ac59a9c1c41edc",
                "sha256:f9e130248f4462aaa8e2552d547f36ddadbeaa573879158d721bbd33dfe4743a",
                "sha256:fed51ac40f757d41b7c48425901843666a6677e3e8eb0abcff09e4ba6e664f50"
            ],
            "markers": "python_version >= '3.9'",
            "version": "==3.0.3"
        },
        "mysql-connector-python": {
            "hashes": [
                "sha256:016d81bb1499dee8b77c82464244e98f10d3671ceefb4023adc559267d1fad50",
                "sha256:052058cf3dc0bf183ab522132f3b18a614a26f3e392ae886efcdab38d4f4fc42",
                "sha256:134b71e439e2eafaee4c550365221ae2890dd54fb76227c64a87a94a07fe79b4",
                "sha256:2a8f451c4d700802fdfe515890c14974766c322213df2ceed3b27752929dc70f",
                "sha256:2dcf05355315e5c7c81e9eca34395d78f29c4da3662e869e42dd7b16380f92ce",
                "sha256:38c229d76cd1dea8465357855f2b2842b7a9b201f17dea13b0eab7d3b9d6ad74",
                "sha256:67fc2b2e67a63963c633fc884f285a8de5a626967a3cc5f5d48ac3e8d15b122d",
                "sha256:6d92c58f71c691f86ad35bb2f3e13d7a9cc1c84ce0b04c146e5980e450faeff1",
                "sha256:72bfd0213364c2bea0244f6432ababb2f204cff43f4f886c65dca2be11f536ee",
                "sha256:7af7f68198f2aca3a520e1201fe2b329331e0ca19a481f3b3451cb0746f56c01",
                "sha256:823190e7f2a9b4bcc574ab6bb72a33802933e1a8c171594faad90162d2d27758",
                "sha256:853c5916d188ef2c357a474e15ac81cafae6085e599ceb9b2b0bcb9104118e63",
                "sha256:8a404db37864acca43fd76222d1fbc7ff8d17d4ce02d803289c2141c2693ce9e",
                "sha256:9199d6ecc81576602990178f0c2fb71737c53a598c8a2f51e1097a53fcfaee40",
                "sha256:933c3e39d30cc6f9ff636d27d18aa3f1341b23d803ade4b57a76f91c26d14066",
                "sha256:a48534b881c176557ddc78527c8c75b4c9402511e972670ad33c5e49d31eddfe",
                "sha256:a688ea65b2ea771b9b69dc409377240a7cab7c1aafef46cd75219d5a94ba49e0",
                "sha256:ac92b2f2a9307ac0c4aafdfcf7ecf01ec92dfebd9140f8c95353adfbf5822cd4",
                "sha256:b267a6c000b7f98e6436a9acefa5582a9662e503b0632a2562e3093a677f6845",
                "sha256:b8639d8aa381a7d19b92ca1a32448f09baaf80787e50187d1f7d072191430768",
                "sha256:c01aad36f0c34ca3f642018be37fd0d55c546f088837cba88f1a1aff408c63dd",
                "sha256:ca8349fe56ce39498d9b5ca8eabba744774e94d85775259f26a43a03e8825429",
                "sha256:ced1fa55e653d28f66c4f3569ed524d4d92098119dcd80c2fa026872a30eba55",
                "sha256:e90a7b96ce2c6a60f6e2609b0c83f45bd55e144cc7c2a9714e344938827da363",
                "sha256:eacc353dcf6f39665d4ca3311ded5ddae0f5a117f03107991d4185ffa59fd890",
                "sha256:f41cb8da8bb487ed60329ac31789c50621f0e6d2c26abc7d4ae2383838fb1b93"
            ],
            "index": "pypi",
            "markers": "python_version >= '3.8'",
            "version": "==9.0.0"
        },
        "pyjwt": {
            "hashes": [
                "sha256:3cc5772eb20009233caf06e9d8a0577824723b44e6648ee0a2aedb6cf9381953",
                "sha256:dcdd193e30abefd5debf142f9adfcdd2b58004e644f25406ffaebd50bd98dacb"
            ],
            "markers": "python_version >= '3.9'",
            "version": "==2.10.1"
        },
        "python-dotenv": {
            "hashes": [
                "sha256:e324ee90a023d808f1959c46bcbc04446a10ced277783dc6ee09987c37ec10ca",
                "sha256:f7b63ef50f1b690dddf550d03497b66d609393b40b564ed0d674909a68ebf16a"
            ],
            "index": "pypi",
            "markers": "python_version >= '3.8'",
            "version": "==1.0.1"
        },
        "sqlalchemy": {
            "hashes": [
                "sha256:016b2e665f778f13d3c438651dd4de244214b527a275e0acf1d44c05bc6026a9",
                "sha256:032d979ce77a6c2432653322ba4cbeabf5a6837f704d16fa38b5a05d8e21fa00",
                "sha256:0375a141e1c0878103eb3d719eb6d5aa444b490c96f3fedab8471c7f6ffe70ee",
                "sha256:042622a5306c23b972192283f4e22372da3b8ddf5f7aac1cc5d9c9b222ab3ff6",
                "sha256:05c3f58cf91683102f2f0265c0db3bd3892e9eedabe059720492dbaa4f922da1",
                "sha256:0630774b0977804fba4b6bbea6852ab56c14965a2b0c7fc7282c5f7d90a1ae72",
                "sha256:0f9f3f9a3763b9c4deb8c5d09c4cc52ffe49f9876af41cc1b2ad0138878453cf",
                "sha256:1b56961e2d31389aaadf4906d453859f35302b4eb818d34a26fab72596076bb8",
                "sha256:22b83aed390e3099584b839b93f80a0f4a95ee7f48270c97c90acd40ee646f0b",
                "sha256:25b0f63e7fcc2a6290cb5f7f5b4fc4047843504983a28856ce9b35d8f7de03cc",
                "sha256:2a275a806f73e849e1c309ac11108ea1a14cd7058577aba962cd7190e27c9e3c",
                "sha256:2ab3f0336c0387662ce6221ad30ab3a5e6499aab01b9790879b6578fd9b8faa1",
                "sha256:2e795c2f7d7249b75bb5f479b432a51b59041580d20599d4e112b5f2046437a3",
                "sha256:3655af10ebcc0f1e4e06c5900bb33e080d6a1fa4228f502121f28a3b1753cde5",
                "sha256:4668bd8faf7e5b71c0319407b608f278f279668f358857dbfd10ef1954ac9f90",
                "sha256:4c31943b61ed8fdd63dfd12ccc919f2bf95eefca133767db6fbbd15da62078ec",
                "sha256:4fdcd72a789c1c31ed242fd8c1bcd9ea186a98ee8e5408a50e610edfef980d71",
                "sha256:627dee0c280eea91aed87b20a1f849e9ae2fe719d52cbf847c0e0ea34464b3f7",
                "sha256:67219632be22f14750f0d1c70e62f204ba69d28f62fd6432ba05ab295853de9b",
                "sha256:6921ee01caf375363be5e9ae70d08ce7ca9d7e0e8983183080211a062d299468",
                "sha256:69683e02e8a9de37f17985905a5eca18ad651bf592314b4d3d799029797d0eb3",
                "sha256:6a93c5a0dfe8d34951e8a6f499a9479ffb9258123551fa007fc708ae2ac2bc5e",
                "sha256:732e026240cdd1c1b2e3ac515c7a23820430ed94292ce33806a95869c46bd139",
                "sha256:7befc148de64b6060937231cbff8d01ccf0bfd75aa26383ffdf8d82b12ec04ff",
                "sha256:890da8cd1941fa3dab28c5bac3b9da8502e7e366f895b3b8e500896f12f94d11",
                "sha256:89b64cd8898a3a6f642db4eb7b26d1b28a497d4022eccd7717ca066823e9fb01",
                "sha256:8a6219108a15fc6d24de499d0d515c7235c617b2540d97116b663dade1a54d62",
                "sha256:8cdf1a0dbe5ced887a9b127da4ffd7354e9c1a3b9bb330dce84df6b70ccb3a8d",
                "sha256:8d625eddf7efeba2abfd9c014a22c0f6b3796e0ffb48f5d5ab106568ef01ff5a",
                "sha256:93a71c8601e823236ac0e5d087e4f397874a421017b3318fd92c0b14acf2b6db",
                "sha256:9509c4123491d0e63fb5e16199e09f8e262066e58903e84615c301dde8fa2e87",
                "sha256:a29762cd3d116585278ffb2e5b8cc311fb095ea278b96feef28d0b423154858e",
                "sha256:a62dd5d7cc8626a3634208df458c5fe4f21200d96a74d122c83bc2015b333bc1",
                "sha256:ada603db10bb865bbe591939de854faf2c60f43c9b763e90f653224138f910d9",
                "sha256:aee110e4ef3c528f3abbc3c2018c121e708938adeeff9006428dd7c8555e9b3f",
                "sha256:b76d63495b0508ab9fc23f8152bac63205d2a704cd009a2b0722f4c8e0cba8e0",
                "sha256:c0d8326269dbf944b9201911b0d9f3dc524d64779a07518199a58384c3d37a44",
                "sha256:c41411e192f8d3ea39ea70e0fae48762cd11a2244e03751a98bd3c0ca9a4e936",
                "sha256:c68fe3fcde03920c46697585620135b4ecfdfc1ed23e75cc2c2ae9f8502c10b8",
                "sha256:cb8bea573863762bbf45d1e13f87c2d2fd32cee2dbd50d050f83f87429c9e1ea",
                "sha256:cc32b2990fc34380ec2f6195f33a76b6cdaa9eecf09f0c9404b74fc120aef36f",
                "sha256:ccae5de2a0140d8be6838c331604f91d6fafd0735dbdcee1ac78fc8fbaba76b4",
                "sha256:d299797d75cd747e7797b1b41817111406b8b10a4f88b6e8fe5b5e59598b43b0",
                "sha256:e04b622bb8a88f10e439084486f2f6349bf4d50605ac3e445869c7ea5cf0fa8c",
                "sha256:e11d7ea4d24f0a262bccf9a7cd6284c976c5369dac21db237cff59586045ab9f",
                "sha256:e21f66748ab725ade40fa7af8ec8b5019c68ab00b929f6643e1b1af461eddb60",
                "sha256:eb60b026d8ad0c97917cb81d3662d0b39b8ff1335e3fabb24984c6acd0c900a2",
                "sha256:f021d334f2ca692523aaf7bbf7592ceff70c8594fad853416a81d66b35e3abf9",
                "sha256:f552023710d4b93d8fb29a91fadf97de89c5926c6bd758897875435f2a939f33"
            ],
            "index": "pypi",
            "markers": "python_version >= '3.7'",
            "version": "==2.0.35"
        },
        "typing-extensions": {
            "hashes": [
                "sha256:0cea48d173cc12fa28ecabc3b837ea3cf6f38c6d1136f85cbaaf598984861466",
                "sha256:f0fa19c6845758ab08074a0cfa8b7aecb71c999ca73d62883bc25cc018c4e548"
            ],
            "markers": "python_version >= '3.9'",
            "version": "==4.15.0"
        },
        "werkzeug": {
            "hashes": [
                "sha256:54b78bf3716d19a65be4fceccc0d1d7b89e608834989dfae50ea87564639213e",
                "sha256:60723ce945c19328679790e3282cc758aa4a6040e4bb330f53d30fa546d44746"
            ],
            "markers": "python_version >= '3.9'",
            "version": "==3.1.3"
        }
    },
    "develop": {}
}
